
Microsoft Visual Studio Solution File, Format Version 12.00
Project("{2150E333-8FDC-42A3-9474-1A3956D46DE8}") = "src", "src", "{74AFE4FB-AF47-47EF-A2AB-AB567838A16A}"
EndProject
Project("{2150E333-8FDC-42A3-9474-1A3956D46DE8}") = "tests", "tests", "{D6916B72-B3FE-494F-8A8D-6809B62EEBAD}"
EndProject
Project("{2150E333-8FDC-42A3-9474-1A3956D46DE8}") = "Modules", "Modules", "{3580B701-D74B-4E53-A308-6FB4A0DA68B9}"
EndProject
Project("{2150E333-8FDC-42A3-9474-1A3956D46DE8}") = "Api", "Api", "{64CC937F-97AE-4937-AC50-A37C9617C91B}"
EndProject
Project("{2150E333-8FDC-42A3-9474-1A3956D46DE8}") = "Shared", "Shared", "{F691CEA2-08B8-4D7B-828D-C609B08D6C8C}"
EndProject
Project("{FAE04EC0-301F-11D3-BF4B-00C04F79EFBC}") = "Kommercio.Api", "src\Api\Kommercio.Api\Kommercio.Api.csproj", "{CAAD173A-3201-47E3-863A-D190C7F7A588}"
EndProject
Project("{2150E333-8FDC-42A3-9474-1A3956D46DE8}") = "Users", "Users", "{45EAA6BE-C7A0-4C57-B20F-2E6D401DEFA3}"
EndProject
Project("{FAE04EC0-301F-11D3-BF4B-00C04F79EFBC}") = "Kommercio.Modules.Users.Core", "src\Modules\Users\Kommercio.Modules.Users.Core\Kommercio.Modules.Users.Core.csproj", "{98AAE041-BF39-4BA7-A3AA-B61E0DCE993C}"
EndProject
Project("{FAE04EC0-301F-11D3-BF4B-00C04F79EFBC}") = "Kommercio.Modules.Users.Infrastructure", "src\Modules\Users\Kommercio.Modules.Users.Infrastructure\Kommercio.Modules.Users.Infrastructure.csproj", "{258EE877-4265-4713-A69F-F290855FD87F}"
EndProject
Project("{FAE04EC0-301F-11D3-BF4B-00C04F79EFBC}") = "Kommercio.Modules.Users.Api", "src\Modules\Users\Kommercio.Modules.Users.Api\Kommercio.Modules.Users.Api.csproj", "{7571D260-DD6F-42EF-99C8-0291102AE3C8}"
EndProject
Project("{FAE04EC0-301F-11D3-BF4B-00C04F79EFBC}") = "Kommercio.Common.Abstraction", "src\Shared\Kommercio.Common.Abstraction\Kommercio.Common.Abstraction.csproj", "{99E2D1F8-9975-4D7D-AC68-956D45AF2662}"
EndProject
Project("{FAE04EC0-301F-11D3-BF4B-00C04F79EFBC}") = "Kommercio.Common.Infrastructure", "src\Shared\Kommercio.Common.Infrastructure\Kommercio.Common.Infrastructure.csproj", "{31FF5471-CB7E-403A-9216-EA75734BFF7D}"
EndProject
Global
	GlobalSection(SolutionConfigurationPlatforms) = preSolution
		Debug|Any CPU = Debug|Any CPU
		Release|Any CPU = Release|Any CPU
	EndGlobalSection
	GlobalSection(NestedProjects) = preSolution
		{3580B701-D74B-4E53-A308-6FB4A0DA68B9} = {74AFE4FB-AF47-47EF-A2AB-AB567838A16A}
		{64CC937F-97AE-4937-AC50-A37C9617C91B} = {74AFE4FB-AF47-47EF-A2AB-AB567838A16A}
		{F691CEA2-08B8-4D7B-828D-C609B08D6C8C} = {74AFE4FB-AF47-47EF-A2AB-AB567838A16A}
		{CAAD173A-3201-47E3-863A-D190C7F7A588} = {64CC937F-97AE-4937-AC50-A37C9617C91B}
		{45EAA6BE-C7A0-4C57-B20F-2E6D401DEFA3} = {3580B701-D74B-4E53-A308-6FB4A0DA68B9}
		{98AAE041-BF39-4BA7-A3AA-B61E0DCE993C} = {45EAA6BE-C7A0-4C57-B20F-2E6D401DEFA3}
		{258EE877-4265-4713-A69F-F290855FD87F} = {45EAA6BE-C7A0-4C57-B20F-2E6D401DEFA3}
		{7571D260-DD6F-42EF-99C8-0291102AE3C8} = {45EAA6BE-C7A0-4C57-B20F-2E6D401DEFA3}
		{99E2D1F8-9975-4D7D-AC68-956D45AF2662} = {F691CEA2-08B8-4D7B-828D-C609B08D6C8C}
		{31FF5471-CB7E-403A-9216-EA75734BFF7D} = {F691CEA2-08B8-4D7B-828D-C609B08D6C8C}
	EndGlobalSection
	GlobalSection(ProjectConfigurationPlatforms) = postSolution
		{CAAD173A-3201-47E3-863A-D190C7F7A588}.Debug|Any CPU.ActiveCfg = Debug|Any CPU
		{CAAD173A-3201-47E3-863A-D190C7F7A588}.Debug|Any CPU.Build.0 = Debug|Any CPU
		{CAAD173A-3201-47E3-863A-D190C7F7A588}.Release|Any CPU.ActiveCfg = Release|Any CPU
		{CAAD173A-3201-47E3-863A-D190C7F7A588}.Release|Any CPU.Build.0 = Release|Any CPU
		{98AAE041-BF39-4BA7-A3AA-B61E0DCE993C}.Debug|Any CPU.ActiveCfg = Debug|Any CPU
		{98AAE041-BF39-4BA7-A3AA-B61E0DCE993C}.Debug|Any CPU.Build.0 = Debug|Any CPU
		{98AAE041-BF39-4BA7-A3AA-B61E0DCE993C}.Release|Any CPU.ActiveCfg = Release|Any CPU
		{98AAE041-BF39-4BA7-A3AA-B61E0DCE993C}.Release|Any CPU.Build.0 = Release|Any CPU
		{258EE877-4265-4713-A69F-F290855FD87F}.Debug|Any CPU.ActiveCfg = Debug|Any CPU
		{258EE877-4265-4713-A69F-F290855FD87F}.Debug|Any CPU.Build.0 = Debug|Any CPU
		{258EE877-4265-4713-A69F-F290855FD87F}.Release|Any CPU.ActiveCfg = Release|Any CPU
		{258EE877-4265-4713-A69F-F290855FD87F}.Release|Any CPU.Build.0 = Release|Any CPU
		{7571D260-DD6F-42EF-99C8-0291102AE3C8}.Debug|Any CPU.ActiveCfg = Debug|Any CPU
		{7571D260-DD6F-42EF-99C8-0291102AE3C8}.Debug|Any CPU.Build.0 = Debug|Any CPU
		{7571D260-DD6F-42EF-99C8-0291102AE3C8}.Release|Any CPU.ActiveCfg = Release|Any CPU
		{7571D260-DD6F-42EF-99C8-0291102AE3C8}.Release|Any CPU.Build.0 = Release|Any CPU
		{99E2D1F8-9975-4D7D-AC68-956D45AF2662}.Debug|Any CPU.ActiveCfg = Debug|Any CPU
		{99E2D1F8-9975-4D7D-AC68-956D45AF2662}.Debug|Any CPU.Build.0 = Debug|Any CPU
		{99E2D1F8-9975-4D7D-AC68-956D45AF2662}.Release|Any CPU.ActiveCfg = Release|Any CPU
		{99E2D1F8-9975-4D7D-AC68-956D45AF2662}.Release|Any CPU.Build.0 = Release|Any CPU
		{31FF5471-CB7E-403A-9216-EA75734BFF7D}.Debug|Any CPU.ActiveCfg = Debug|Any CPU
		{31FF5471-CB7E-403A-9216-EA75734BFF7D}.Debug|Any CPU.Build.0 = Debug|Any CPU
		{31FF5471-CB7E-403A-9216-EA75734BFF7D}.Release|Any CPU.ActiveCfg = Release|Any CPU
		{31FF5471-CB7E-403A-9216-EA75734BFF7D}.Release|Any CPU.Build.0 = Release|Any CPU
	EndGlobalSection
EndGlobal
